{
    "_meta": {
        "hash": {
            "sha256": "5fe615f5ada1d5a02a6442ccf27447c1e123235ae52db71a4edd7e14068fc20d"
        },
        "requires": {},
        "sources": [
            {
                "url": "https://pypi.python.org/simple",
                "verify_ssl": true
            }
        ]
    },
    "default": {
        "attrs": {
            "version": "==17.4.0"
        }
    },
    "develop": {
        "apipkg": {
            "version": "==1.4"
        },
        "attrs": {
            "version": "==17.4.0"
        },
        "certifi": {
            "version": "==2017.11.5"
        },
        "chardet": {
            "version": "==3.0.4"
        },
        "execnet": {
            "version": "==1.5.0"
        },
        "idna": {
            "version": "==2.6"
        },
        "pep8": {
            "version": "==1.7.1"
        },
        "pkginfo": {
            "version": "==1.4.1"
        },
        "pluggy": {
            "version": "==0.6.0"
        },
        "py": {
            "version": "==1.5.2"
        },
        "pytest": {
            "version": "==3.3.2"
        },
        "pytest-cache": {
            "version": "==1.0"
        },
        "pytest-pep8": {
            "version": "==1.0.6"
        },
        "requests": {
            "version": "==2.18.4"
        },
        "requests-toolbelt": {
            "version": "==0.8.0"
        },
        "setuptools": {
            "version": "==38.4.0"
        },
        "six": {
            "version": "==1.11.0"
        },
        "tqdm": {
            "version": "==4.19.5"
        },
        "twine": {
            "version": "==1.9.1"
        },
        "urllib3": {
            "version": "==1.22"
        }
    }
}
