humanfriendly==4.8 --hash=sha256:587b16ce804bec8e3cbb8c420decea051b38e3d895272b2c1e38fc69b4286b1c  --hash=sha256:d0e74171b87318a94b99520e4f0c5651e944b5f11d696c46be3330bb82b85300
psutil==5.4.3 --hash=sha256:82a06785db8eeb637b349006cc28a92e40cd190fefae9875246d18d0de7ccac8  --hash=sha256:4152ae231709e3e8b80e26b6da20dc965a1a589959c48af1ed024eca6473f60d  --hash=sha256:230eeb3aeb077814f3a2cd036ddb6e0f571960d327298cc914c02385c3e02a63  --hash=sha256:a3286556d4d2f341108db65d8e20d0cd3fcb9a91741cb5eb496832d7daf2a97c  --hash=sha256:94d4e63189f2593960e73acaaf96be235dd8a455fe2bcb37d8ad6f0e87f61556  --hash=sha256:c91eee73eea00df5e62c741b380b7e5b6fdd553891bee5669817a3a38d036f13  --hash=sha256:779ec7e7621758ca11a8d99a1064996454b3570154277cc21342a01148a49c28  --hash=sha256:8a15d773203a1277e57b1d11a7ccdf70804744ef4a9518a87ab8436995c31a4b  --hash=sha256:e2467e9312c2fa191687b89ff4bc2ad8843be4af6fb4dc95a7cc5f7d7a327b18
